// !$*UTF8*$!
{
	archiveVersion = 1;
	classes = {
	};
	objectVersion = 50;
	objects = {

/* Begin PBXBuildFile section */
		08A8D8662559305000478DC8 /* ZaloCELLNew.swift in Sources */ = {isa = PBXBuildFile; fileRef = 08A8D8642559305000478DC8 /* ZaloCELLNew.swift */; };
		08A8D8672559305000478DC8 /* ZaloCELLNew.xib in Resources */ = {isa = PBXBuildFile; fileRef = 08A8D8652559305000478DC8 /* ZaloCELLNew.xib */; };
		08AAE88F2558CD1500C356BE /* AppDelegate.swift in Sources */ = {isa = PBXBuildFile; fileRef = 08AAE88E2558CD1500C356BE /* AppDelegate.swift */; };
		08AAE8912558CD1500C356BE /* SceneDelegate.swift in Sources */ = {isa = PBXBuildFile; fileRef = 08AAE8902558CD1500C356BE /* SceneDelegate.swift */; };
		08AAE8932558CD1500C356BE /* ViewController.swift in Sources */ = {isa = PBXBuildFile; fileRef = 08AAE8922558CD1500C356BE /* ViewController.swift */; };
		08AAE8962558CD1500C356BE /* Main.storyboard in Resources */ = {isa = PBXBuildFile; fileRef = 08AAE8942558CD1500C356BE /* Main.storyboard */; };
		08AAE8982558CD1500C356BE /* Assets.xcassets in Resources */ = {isa = PBXBuildFile; fileRef = 08AAE8972558CD1500C356BE /* Assets.xcassets */; };
		08AAE89B2558CD1500C356BE /* LaunchScreen.storyboard in Resources */ = {isa = PBXBuildFile; fileRef = 08AAE8992558CD1500C356BE /* LaunchScreen.storyboard */; };
		08AAE8AD2558F0F200C356BE /* CoreData.swift in Sources */ = {isa = PBXBuildFile; fileRef = 08AAE8AC2558F0F200C356BE /* CoreData.swift */; };
/* End PBXBuildFile section */

/* Begin PBXFileReference section */
		08A8D8642559305000478DC8 /* ZaloCELLNew.swift */ = {isa = PBXFileReference; lastKnownFileType = sourcecode.swift; path = ZaloCELLNew.swift; sourceTree = "<group>"; };
		08A8D8652559305000478DC8 /* ZaloCELLNew.xib */ = {isa = PBXFileReference; lastKnownFileType = file.xib; path = ZaloCELLNew.xib; sourceTree = "<group>"; };
		08AAE88B2558CD1500C356BE /* Scroll+TableViewZalo.app */ = {isa = PBXFileReference; explicitFileType = wrapper.application; includeInIndex = 0; path = "Scroll+TableViewZalo.app"; sourceTree = BUILT_PRODUCTS_DIR; };
		08AAE88E2558CD1500C356BE /* AppDelegate.swift */ = {isa = PBXFileReference; lastKnownFileType = sourcecode.swift; path = AppDelegate.swift; sourceTree = "<group>"; };
		08AAE8902558CD1500C356BE /* SceneDelegate.swift */ = {isa = PBXFileReference; lastKnownFileType = sourcecode.swift; path = SceneDelegate.swift; sourceTree = "<group>"; };
		08AAE8922558CD1500C356BE /* ViewController.swift */ = {isa = PBXFileReference; lastKnownFileType = sourcecode.swift; path = ViewController.swift; sourceTree = "<group>"; };
		08AAE8952558CD1500C356BE /* Base */ = {isa = PBXFileReference; lastKnownFileType = file.storyboard; name = Base; path = Base.lproj/Main.storyboard; sourceTree = "<group>"; };
		08AAE8972558CD1500C356BE /* Assets.xcassets */ = {isa = PBXFileReference; lastKnownFileType = folder.assetcatalog; path = Assets.xcassets; sourceTree = "<group>"; };
		08AAE89A2558CD1500C356BE /* Base */ = {isa = PBXFileReference; lastKnownFileType = file.storyboard; name = Base; path = Base.lproj/LaunchScreen.storyboard; sourceTree = "<group>"; };
		08AAE89C2558CD1500C356BE /* Info.plist */ = {isa = PBXFileReference; lastKnownFileType = text.plist.xml; path = Info.plist; sourceTree = "<group>"; };
		08AAE8AC2558F0F200C356BE /* CoreData.swift */ = {isa = PBXFileReference; lastKnownFileType = sourcecode.swift; path = CoreData.swift; sourceTree = "<group>"; };
		08AAE8B92558FB1B00C356BE /* README.md */ = {isa = PBXFileReference; lastKnownFileType = net.daringfireball.markdown; path = README.md; sourceTree = "<group>"; };
/* End PBXFileReference section */

/* Begin PBXFrameworksBuildPhase section */
		08AAE8882558CD1500C356BE /* Frameworks */ = {
			isa = PBXFrameworksBuildPhase;
			buildActionMask = 2147483647;
			files = (
			);
			runOnlyForDeploymentPostprocessing = 0;
		};
/* End PBXFrameworksBuildPhase section */

/* Begin PBXGroup section */
		08AAE8822558CD1500C356BE = {
			isa = PBXGroup;
			children = (
				08AAE8B92558FB1B00C356BE /* README.md */,
				08AAE88D2558CD1500C356BE /* Scroll+TableViewZalo */,
				08AAE88C2558CD1500C356BE /* Products */,
			);
			sourceTree = "<group>";
		};
		08AAE88C2558CD1500C356BE /* Products */ = {
			isa = PBXGroup;
			children = (
				08AAE88B2558CD1500C356BE /* Scroll+TableViewZalo.app */,
			);
			name = Products;
			sourceTree = "<group>";
		};
		08AAE88D2558CD1500C356BE /* Scroll+TableViewZalo */ = {
			isa = PBXGroup;
			children = (
				08AAE8BC255913C400C356BE /* Data */,
				08AAE8B22558F21E00C356BE /* zalo */,
				08AAE88E2558CD1500C356BE /* AppDelegate.swift */,
				08AAE8902558CD1500C356BE /* SceneDelegate.swift */,
				08AAE8922558CD1500C356BE /* ViewController.swift */,
				08AAE8942558CD1500C356BE /* Main.storyboard */,
				08AAE8972558CD1500C356BE /* Assets.xcassets */,
				08AAE8992558CD1500C356BE /* LaunchScreen.storyboard */,
				08AAE89C2558CD1500C356BE /* Info.plist */,
			);
			path = "Scroll+TableViewZalo";
			sourceTree = "<group>";
		};
		08AAE8B22558F21E00C356BE /* zalo */ = {
			isa = PBXGroup;
			children = (
				08A8D8642559305000478DC8 /* ZaloCELLNew.swift */,
				08A8D8652559305000478DC8 /* ZaloCELLNew.xib */,
			);
			path = zalo;
			sourceTree = "<group>";
		};
		08AAE8BC255913C400C356BE /* Data */ = {
			isa = PBXGroup;
			children = (
				08AAE8AC2558F0F200C356BE /* CoreData.swift */,
			);
			path = Data;
			sourceTree = "<group>";
		};
/* End PBXGroup section */

/* Begin PBXNativeTarget section */
		08AAE88A2558CD1500C356BE /* Scroll+TableViewZalo */ = {
			isa = PBXNativeTarget;
			buildConfigurationList = 08AAE89F2558CD1500C356BE /* Build configuration list for PBXNativeTarget "Scroll+TableViewZalo" */;
			buildPhases = (
				08AAE8872558CD1500C356BE /* Sources */,
				08AAE8882558CD1500C356BE /* Frameworks */,
				08AAE8892558CD1500C356BE /* Resources */,
			);
			buildRules = (
			);
			dependencies = (
			);
			name = "Scroll+TableViewZalo";
			productName = "Scroll+TableViewZalo";
			productReference = 08AAE88B2558CD1500C356BE /* Scroll+TableViewZalo.app */;
			productType = "com.apple.product-type.application";
		};
/* End PBXNativeTarget section */

/* Begin PBXProject section */
		08AAE8832558CD1500C356BE /* Project object */ = {
			isa = PBXProject;
			attributes = {
				LastSwiftUpdateCheck = 1210;
				LastUpgradeCheck = 1210;
				TargetAttributes = {
					08AAE88A2558CD1500C356BE = {
						CreatedOnToolsVersion = 12.1;
					};
				};
			};
			buildConfigurationList = 08AAE8862558CD1500C356BE /* Build configuration list for PBXProject "Scroll+TableViewZalo" */;
			compatibilityVersion = "Xcode 9.3";
			developmentRegion = en;
			hasScannedForEncodings = 0;
			knownRegions = (
				en,
				Base,
			);
			mainGroup = 08AAE8822558CD1500C356BE;
			productRefGroup = 08AAE88C2558CD1500C356BE /* Products */;
			projectDirPath = "";
			projectRoot = "";
			targets = (
				08AAE88A2558CD1500C356BE /* Scroll+TableViewZalo */,
			);
		};
/* End PBXProject section */

/* Begin PBXResourcesBuildPhase section */
		08AAE8892558CD1500C356BE /* Resources */ = {
			isa = PBXResourcesBuildPhase;
			buildActionMask = 2147483647;
			files = (
				08A8D8672559305000478DC8 /* ZaloCELLNew.xib in Resources */,
				08AAE89B2558CD1500C356BE /* LaunchScreen.storyboard in Resources */,
				08AAE8982558CD1500C356BE /* Assets.xcassets in Resources */,
				08AAE8962558CD1500C356BE /* Main.storyboard in Resources */,
			);
			runOnlyForDeploymentPostprocessing = 0;
		};
/* End PBXResourcesBuildPhase section */

/* Begin PBXSourcesBuildPhase section */
		08AAE8872558CD1500C356BE /* Sources */ = {
			isa = PBXSourcesBuildPhase;
			buildActionMask = 2147483647;
			files = (
				08AAE8932558CD1500C356BE /* ViewController.swift in Sources */,
				08A8D8662559305000478DC8 /* ZaloCELLNew.swift in Sources */,
				08AAE88F2558CD1500C356BE /* AppDelegate.swift in Sources */,
				08AAE8912558CD1500C356BE /* SceneDelegate.swift in Sources */,
				08AAE8AD2558F0F200C356BE /* CoreData.swift in Sources */,
			);
			runOnlyForDeploymentPostprocessing = 0;
		};
/* End PBXSourcesBuildPhase section */

/* Begin PBXVariantGroup section */
		08AAE8942558CD1500C356BE /* Main.storyboard */ = {
			isa = PBXVariantGroup;
			children = (
				08AAE8952558CD1500C356BE /* Base */,
			);
			name = Main.storyboard;
			sourceTree = "<group>";
		};
		08AAE8992558CD1500C356BE /* LaunchScreen.storyboard */ = {
			isa = PBXVariantGroup;
			children = (
				08AAE89A2558CD1500C356BE /* Base */,
			);
			name = LaunchScreen.storyboard;
			sourceTree = "<group>";
		};
/* End PBXVariantGroup section */

/* Begin XCBuildConfiguration section */
		08AAE89D2558CD1500C356BE /* Debug */ = {
			isa = XCBuildConfiguration;
			buildSettings = {
				ALWAYS_SEARCH_USER_PATHS = NO;
				CLANG_ANALYZER_NONNULL = YES;
				CLANG_ANALYZER_NUMBER_OBJECT_CONVERSION = YES_AGGRESSIVE;
				CLANG_CXX_LANGUAGE_STANDARD = "gnu++14";
				CLANG_CXX_LIBRARY = "libc++";
				CLANG_ENABLE_MODULES = YES;
				CLANG_ENABLE_OBJC_ARC = YES;
				CLANG_ENABLE_OBJC_WEAK = YES;
				CLANG_WARN_BLOCK_CAPTURE_AUTORELEASING = YES;
				CLANG_WARN_BOOL_CONVERSION = YES;
				CLANG_WARN_COMMA = YES;
				CLANG_WARN_CONSTANT_CONVERSION = YES;
				CLANG_WARN_DEPRECATED_OBJC_IMPLEMENTATIONS = YES;
				CLANG_WARN_DIRECT_OBJC_ISA_USAGE = YES_ERROR;
				CLANG_WARN_DOCUMENTATION_COMMENTS = YES;
				CLANG_WARN_EMPTY_BODY = YES;
				CLANG_WARN_ENUM_CONVERSION = YES;
				CLANG_WARN_INFINITE_RECURSION = YES;
				CLANG_WARN_INT_CONVERSION = YES;
				CLANG_WARN_NON_LITERAL_NULL_CONVERSION = YES;
				CLANG_WARN_OBJC_IMPLICIT_RETAIN_SELF = YES;
				CLANG_WARN_OBJC_LITERAL_CONVERSION = YES;
				CLANG_WARN_OBJC_ROOT_CLASS = YES_ERROR;
				CLANG_WARN_QUOTED_INCLUDE_IN_FRAMEWORK_HEADER = YES;
				CLANG_WARN_RANGE_LOOP_ANALYSIS = YES;
				CLANG_WARN_STRICT_PROTOTYPES = YES;
				CLANG_WARN_SUSPICIOUS_MOVE = YES;
				CLANG_WARN_UNGUARDED_AVAILABILITY = YES_AGGRESSIVE;
				CLANG_WARN_UNREACHABLE_CODE = YES;
				CLANG_WARN__DUPLICATE_METHOD_MATCH = YES;
				COPY_PHASE_STRIP = NO;
				DEBUG_INFORMATION_FORMAT = dwarf;
				ENABLE_STRICT_OBJC_MSGSEND = YES;
				ENABLE_TESTABILITY = YES;
				GCC_C_LANGUAGE_STANDARD = gnu11;
				GCC_DYNAMIC_NO_PIC = NO;
				GCC_NO_COMMON_BLOCKS = YES;
				GCC_OPTIMIZATION_LEVEL = 0;
				GCC_PREPROCESSOR_DEFINITIONS = (
					"DEBUG=1",
					"$(inherited)",
				);
				GCC_WARN_64_TO_32_BIT_CONVERSION = YES;
				GCC_WARN_ABOUT_RETURN_TYPE = YES_ERROR;
				GCC_WARN_UNDECLARED_SELECTOR = YES;
				GCC_WARN_UNINITIALIZED_AUTOS = YES_AGGRESSIVE;
				GCC_WARN_UNUSED_FUNCTION = YES;
				GCC_WARN_UNUSED_VARIABLE = YES;
				IPHONEOS_DEPLOYMENT_TARGET = 14.1;
				MTL_ENABLE_DEBUG_INFO = INCLUDE_SOURCE;
				MTL_FAST_MATH = YES;
				ONLY_ACTIVE_ARCH = YES;
				SDKROOT = iphoneos;
				SWIFT_ACTIVE_COMPILATION_CONDITIONS = DEBUG;
				SWIFT_OPTIMIZATION_LEVEL = "-Onone";
			};
			name = Debug;
		};
		08AAE89E2558CD1500C356BE /* Release */ = {
			isa = XCBuildConfiguration;
			buildSettings = {
				ALWAYS_SEARCH_USER_PATHS = NO;
				CLANG_ANALYZER_NONNULL = YES;
				CLANG_ANALYZER_NUMBER_OBJECT_CONVERSION = YES_AGGRESSIVE;
				CLANG_CXX_LANGUAGE_STANDARD = "gnu++14";
				CLANG_CXX_LIBRARY = "libc++";
				CLANG_ENABLE_MODULES = YES;
				CLANG_ENABLE_OBJC_ARC = YES;
				CLANG_ENABLE_OBJC_WEAK = YES;
				CLANG_WARN_BLOCK_CAPTURE_AUTORELEASING = YES;
				CLANG_WARN_BOOL_CONVERSION = YES;
				CLANG_WARN_COMMA = YES;
				CLANG_WARN_CONSTANT_CONVERSION = YES;
				CLANG_WARN_DEPRECATED_OBJC_IMPLEMENTATIONS = YES;
				CLANG_WARN_DIRECT_OBJC_ISA_USAGE = YES_ERROR;
				CLANG_WARN_DOCUMENTATION_COMMENTS = YES;
				CLANG_WARN_EMPTY_BODY = YES;
				CLANG_WARN_ENUM_CONVERSION = YES;
				CLANG_WARN_INFINITE_RECURSION = YES;
				CLANG_WARN_INT_CONVERSION = YES;
				CLANG_WARN_NON_LITERAL_NULL_CONVERSION = YES;
				CLANG_WARN_OBJC_IMPLICIT_RETAIN_SELF = YES;
				CLANG_WARN_OBJC_LITERAL_CONVERSION = YES;
				CLANG_WARN_OBJC_ROOT_CLASS = YES_ERROR;
				CLANG_WARN_QUOTED_INCLUDE_IN_FRAMEWORK_HEADER = YES;
				CLANG_WARN_RANGE_LOOP_ANALYSIS = YES;
				CLANG_WARN_STRICT_PROTOTYPES = YES;
				CLANG_WARN_SUSPICIOUS_MOVE = YES;
				CLANG_WARN_UNGUARDED_AVAILABILITY = YES_AGGRESSIVE;
				CLANG_WARN_UNREACHABLE_CODE = YES;
				CLANG_WARN__DUPLICATE_METHOD_MATCH = YES;
				COPY_PHASE_STRIP = NO;
				DEBUG_INFORMATION_FORMAT = "dwarf-with-dsym";
				ENABLE_NS_ASSERTIONS = NO;
				ENABLE_STRICT_OBJC_MSGSEND = YES;
				GCC_C_LANGUAGE_STANDARD = gnu11;
				GCC_NO_COMMON_BLOCKS = YES;
				GCC_WARN_64_TO_32_BIT_CONVERSION = YES;
				GCC_WARN_ABOUT_RETURN_TYPE = YES_ERROR;
				GCC_WARN_UNDECLARED_SELECTOR = YES;
				GCC_WARN_UNINITIALIZED_AUTOS = YES_AGGRESSIVE;
				GCC_WARN_UNUSED_FUNCTION = YES;
				GCC_WARN_UNUSED_VARIABLE = YES;
				IPHONEOS_DEPLOYMENT_TARGET = 14.1;
				MTL_ENABLE_DEBUG_INFO = NO;
				MTL_FAST_MATH = YES;
				SDKROOT = iphoneos;
				SWIFT_COMPILATION_MODE = wholemodule;
				SWIFT_OPTIMIZATION_LEVEL = "-O";
				VALIDATE_PRODUCT = YES;
			};
			name = Release;
		};
		08AAE8A02558CD1500C356BE /* Debug */ = {
			isa = XCBuildConfiguration;
			buildSettings = {
				ASSETCATALOG_COMPILER_APPICON_NAME = AppIcon;
				ASSETCATALOG_COMPILER_GLOBAL_ACCENT_COLOR_NAME = AccentColor;
				CODE_SIGN_STYLE = Automatic;
				INFOPLIST_FILE = "Scroll+TableViewZalo/Info.plist";
				LD_RUNPATH_SEARCH_PATHS = (
					"$(inherited)",
					"@executable_path/Frameworks",
				);
				PRODUCT_BUNDLE_IDENTIFIER = "namdoan.Scroll-TableViewZalo";
				PRODUCT_NAME = "$(TARGET_NAME)";
				SWIFT_VERSION = 5.0;
				TARGETED_DEVICE_FAMILY = "1,2";
			};
			name = Debug;
		};
		08AAE8A12558CD1500C356BE /* Release */ = {
			isa = XCBuildConfiguration;
			buildSettings = {
				ASSETCATALOG_COMPILER_APPICON_NAME = AppIcon;
				ASSETCATALOG_COMPILER_GLOBAL_ACCENT_COLOR_NAME = AccentColor;
				CODE_SIGN_STYLE = Automatic;
				INFOPLIST_FILE = "Scroll+TableViewZalo/Info.plist";
				LD_RUNPATH_SEARCH_PATHS = (
					"$(inherited)",
					"@executable_path/Frameworks",
				);
				PRODUCT_BUNDLE_IDENTIFIER = "namdoan.Scroll-TableViewZalo";
				PRODUCT_NAME = "$(TARGET_NAME)";
				SWIFT_VERSION = 5.0;
				TARGETED_DEVICE_FAMILY = "1,2";
			};
			name = Release;
		};
/* End XCBuildConfiguration section */

/* Begin XCConfigurationList section */
		08AAE8862558CD1500C356BE /* Build configuration list for PBXProject "Scroll+TableViewZalo" */ = {
			isa = XCConfigurationList;
			buildConfigurations = (
				08AAE89D2558CD1500C356BE /* Debug */,
				08AAE89E2558CD1500C356BE /* Release */,
			);
			defaultConfigurationIsVisible = 0;
			defaultConfigurationName = Release;
		};
		08AAE89F2558CD1500C356BE /* Build configuration list for PBXNativeTarget "Scroll+TableViewZalo" */ = {
			isa = XCConfigurationList;
			buildConfigurations = (
				08AAE8A02558CD1500C356BE /* Debug */,
				08AAE8A12558CD1500C356BE /* Release */,
			);
			defaultConfigurationIsVisible = 0;
			defaultConfigurationName = Release;
		};
/* End XCConfigurationList section */
	};
	rootObject = 08AAE8832558CD1500C356BE /* Project object */;
}
